
Microsoft Visual Studio Solution File, Format Version 12.00
Project("{FAE04EC0-301F-11D3-BF4B-00C04F79EFBC}") = "OpenLicenseServerDAL", "OpenLicenseServerDAL\OpenLicenseServerDAL.csproj", "{E40237F6-B43D-419E-A966-D5A285FE48E2}"
EndProject
Project("{FAE04EC0-301F-11D3-BF4B-00C04F79EFBC}") = "Infrastructure", "Infrastructure\Infrastructure.csproj", "{702A10F0-9E64-462B-A544-C1CEC0C32AEC}"
EndProject
Project("{FAE04EC0-301F-11D3-BF4B-00C04F79EFBC}") = "Infrastructure.EFCore", "Infrastructure.EFCore\Infrastructure.EFCore.csproj", "{5DD59CA5-D79F-45CD-8004-B8366A98B8D4}"
EndProject
Project("{FAE04EC0-301F-11D3-BF4B-00C04F79EFBC}") = "OpenLicenseServerBL", "OpenLicenseServerBL\OpenLicenseServerBL.csproj", "{66A4C13B-6F3C-44BE-B588-F70DEE9882F4}"
EndProject
Global
	GlobalSection(SolutionConfigurationPlatforms) = preSolution
		Debug|Any CPU = Debug|Any CPU
		Release|Any CPU = Release|Any CPU
	EndGlobalSection
	GlobalSection(ProjectConfigurationPlatforms) = postSolution
		{E40237F6-B43D-419E-A966-D5A285FE48E2}.Debug|Any CPU.ActiveCfg = Debug|Any CPU
		{E40237F6-B43D-419E-A966-D5A285FE48E2}.Debug|Any CPU.Build.0 = Debug|Any CPU
		{E40237F6-B43D-419E-A966-D5A285FE48E2}.Release|Any CPU.ActiveCfg = Release|Any CPU
		{E40237F6-B43D-419E-A966-D5A285FE48E2}.Release|Any CPU.Build.0 = Release|Any CPU
		{702A10F0-9E64-462B-A544-C1CEC0C32AEC}.Debug|Any CPU.ActiveCfg = Debug|Any CPU
		{702A10F0-9E64-462B-A544-C1CEC0C32AEC}.Debug|Any CPU.Build.0 = Debug|Any CPU
		{702A10F0-9E64-462B-A544-C1CEC0C32AEC}.Release|Any CPU.ActiveCfg = Release|Any CPU
		{702A10F0-9E64-462B-A544-C1CEC0C32AEC}.Release|Any CPU.Build.0 = Release|Any CPU
		{5DD59CA5-D79F-45CD-8004-B8366A98B8D4}.Debug|Any CPU.ActiveCfg = Debug|Any CPU
		{5DD59CA5-D79F-45CD-8004-B8366A98B8D4}.Debug|Any CPU.Build.0 = Debug|Any CPU
		{5DD59CA5-D79F-45CD-8004-B8366A98B8D4}.Release|Any CPU.ActiveCfg = Release|Any CPU
		{5DD59CA5-D79F-45CD-8004-B8366A98B8D4}.Release|Any CPU.Build.0 = Release|Any CPU
		{66A4C13B-6F3C-44BE-B588-F70DEE9882F4}.Debug|Any CPU.ActiveCfg = Debug|Any CPU
		{66A4C13B-6F3C-44BE-B588-F70DEE9882F4}.Debug|Any CPU.Build.0 = Debug|Any CPU
		{66A4C13B-6F3C-44BE-B588-F70DEE9882F4}.Release|Any CPU.ActiveCfg = Release|Any CPU
		{66A4C13B-6F3C-44BE-B588-F70DEE9882F4}.Release|Any CPU.Build.0 = Release|Any CPU
	EndGlobalSection
EndGlobal
